
Microsoft Visual Studio Solution File, Format Version 12.00
# Visual Studio Version 17
VisualStudioVersion = 17.11.35222.181
MinimumVisualStudioVersion = 10.0.40219.1
Project("{FAE04EC0-301F-11D3-BF4B-00C04F79EFBC}") = "BlazorCompanents", "BlazorCompanents\BlazorCompanents.csproj", "{F6EC24A9-65C2-46E3-B180-19123CC49CB3}"
EndProject
Global
	GlobalSection(SolutionConfigurationPlatforms) = preSolution
		Debug|Any CPU = Debug|Any CPU
		Release|Any CPU = Release|Any CPU
	EndGlobalSection
	GlobalSection(ProjectConfigurationPlatforms) = postSolution
		{F6EC24A9-65C2-46E3-B180-19123CC49CB3}.Debug|Any CPU.ActiveCfg = Debug|Any CPU
		{F6EC24A9-65C2-46E3-B180-19123CC49CB3}.Debug|Any CPU.Build.0 = Debug|Any CPU
		{F6EC24A9-65C2-46E3-B180-19123CC49CB3}.Release|Any CPU.ActiveCfg = Release|Any CPU
		{F6EC24A9-65C2-46E3-B180-19123CC49CB3}.Release|Any CPU.Build.0 = Release|Any CPU
	EndGlobalSection
	GlobalSection(SolutionProperties) = preSolution
		HideSolutionNode = FALSE
	EndGlobalSection
	GlobalSection(ExtensibilityGlobals) = postSolution
		SolutionGuid = {4ED3FACA-11EF-44C7-899C-68C01900079F}
	EndGlobalSection
EndGlobal
